
Microsoft Visual Studio Solution File, Format Version 12.00
# Visual Studio Version 17
VisualStudioVersion = 17.9.34728.123
MinimumVisualStudioVersion = 10.0.40219.1
Project("{8BC9CEB8-8B4A-11D0-8D11-00A0C91BC942}") = "CRUD Estudiantes", "CRUD Estudiantes\CRUD Estudiantes.vcxproj", "{B874D6E2-4766-4D4E-9B32-D1B36B9C76CB}"
EndProject
Global
	GlobalSection(SolutionConfigurationPlatforms) = preSolution
		Debug|x64 = Debug|x64
		Debug|x86 = Debug|x86
		Release|x64 = Release|x64
		Release|x86 = Release|x86
	EndGlobalSection
	GlobalSection(ProjectConfigurationPlatforms) = postSolution
		{B874D6E2-4766-4D4E-9B32-D1B36B9C76CB}.Debug|x64.ActiveCfg = Release|x64
		{B874D6E2-4766-4D4E-9B32-D1B36B9C76CB}.Debug|x64.Build.0 = Release|x64
		{B874D6E2-4766-4D4E-9B32-D1B36B9C76CB}.Debug|x86.ActiveCfg = Debug|Win32
		{B874D6E2-4766-4D4E-9B32-D1B36B9C76CB}.Debug|x86.Build.0 = Debug|Win32
		{B874D6E2-4766-4D4E-9B32-D1B36B9C76CB}.Release|x64.ActiveCfg = Release|x64
		{B874D6E2-4766-4D4E-9B32-D1B36B9C76CB}.Release|x64.Build.0 = Release|x64
		{B874D6E2-4766-4D4E-9B32-D1B36B9C76CB}.Release|x86.ActiveCfg = Release|Win32
		{B874D6E2-4766-4D4E-9B32-D1B36B9C76CB}.Release|x86.Build.0 = Release|Win32
	EndGlobalSection
	GlobalSection(SolutionProperties) = preSolution
		HideSolutionNode = FALSE
	EndGlobalSection
	GlobalSection(ExtensibilityGlobals) = postSolution
		SolutionGuid = {F71B40BE-4EDC-4B56-ABC5-92EC0180AA8B}
	EndGlobalSection
EndGlobal
